
Microsoft Visual Studio Solution File, Format Version 12.00
# Visual Studio 15
VisualStudioVersion = 15.0.28307.329
MinimumVisualStudioVersion = 10.0.40219.1
Project("{FAE04EC0-301F-11D3-BF4B-00C04F79EFBC}") = "JSONTesting", "JSONTesting\JSONTesting.csproj", "{4810AEC8-19D2-4FE1-B482-2396F3C0606C}"
EndProject
Global
	GlobalSection(SolutionConfigurationPlatforms) = preSolution
		Debug|Any CPU = Debug|Any CPU
		Release|Any CPU = Release|Any CPU
	EndGlobalSection
	GlobalSection(ProjectConfigurationPlatforms) = postSolution
		{4810AEC8-19D2-4FE1-B482-2396F3C0606C}.Debug|Any CPU.ActiveCfg = Debug|Any CPU
		{4810AEC8-19D2-4FE1-B482-2396F3C0606C}.Debug|Any CPU.Build.0 = Debug|Any CPU
		{4810AEC8-19D2-4FE1-B482-2396F3C0606C}.Release|Any CPU.ActiveCfg = Release|Any CPU
		{4810AEC8-19D2-4FE1-B482-2396F3C0606C}.Release|Any CPU.Build.0 = Release|Any CPU
	EndGlobalSection
	GlobalSection(SolutionProperties) = preSolution
		HideSolutionNode = FALSE
	EndGlobalSection
	GlobalSection(ExtensibilityGlobals) = postSolution
		SolutionGuid = {E93FB525-7BBE-4269-80D7-5251B05171BA}
	EndGlobalSection
EndGlobal
