
Microsoft Visual Studio Solution File, Format Version 12.00
# Visual Studio 15
VisualStudioVersion = 15.0.28307.329
MinimumVisualStudioVersion = 10.0.40219.1
Project("{FAE04EC0-301F-11D3-BF4B-00C04F79EFBC}") = "PSSP", "PSSP\PSSP.csproj", "{34F64BE5-2BE6-4C97-98EF-B4112228370F}"
EndProject
Global
	GlobalSection(SolutionConfigurationPlatforms) = preSolution
		Debug|Any CPU = Debug|Any CPU
		Release|Any CPU = Release|Any CPU
	EndGlobalSection
	GlobalSection(ProjectConfigurationPlatforms) = postSolution
		{34F64BE5-2BE6-4C97-98EF-B4112228370F}.Debug|Any CPU.ActiveCfg = Debug|Any CPU
		{34F64BE5-2BE6-4C97-98EF-B4112228370F}.Debug|Any CPU.Build.0 = Debug|Any CPU
		{34F64BE5-2BE6-4C97-98EF-B4112228370F}.Release|Any CPU.ActiveCfg = Release|Any CPU
		{34F64BE5-2BE6-4C97-98EF-B4112228370F}.Release|Any CPU.Build.0 = Release|Any CPU
	EndGlobalSection
	GlobalSection(SolutionProperties) = preSolution
		HideSolutionNode = FALSE
	EndGlobalSection
	GlobalSection(ExtensibilityGlobals) = postSolution
		SolutionGuid = {39A67AF2-BA08-497B-B660-B4B288C78F9B}
	EndGlobalSection
EndGlobal
